
Microsoft Visual Studio Solution File, Format Version 12.00
# Visual Studio 15
VisualStudioVersion = 15.0.28307.1340
MinimumVisualStudioVersion = 10.0.40219.1
Project("{9A19103F-16F7-4668-BE54-9A1E7A4F7556}") = "Blockchain", "Blockchain.csproj", "{1C9B3D27-7AB8-43C1-BE2E-AE32B4701A4F}"
EndProject
Global
	GlobalSection(SolutionConfigurationPlatforms) = preSolution
		Debug|Any CPU = Debug|Any CPU
		Release|Any CPU = Release|Any CPU
	EndGlobalSection
	GlobalSection(ProjectConfigurationPlatforms) = postSolution
		{1C9B3D27-7AB8-43C1-BE2E-AE32B4701A4F}.Debug|Any CPU.ActiveCfg = Debug|Any CPU
		{1C9B3D27-7AB8-43C1-BE2E-AE32B4701A4F}.Debug|Any CPU.Build.0 = Debug|Any CPU
		{1C9B3D27-7AB8-43C1-BE2E-AE32B4701A4F}.Release|Any CPU.ActiveCfg = Release|Any CPU
		{1C9B3D27-7AB8-43C1-BE2E-AE32B4701A4F}.Release|Any CPU.Build.0 = Release|Any CPU
	EndGlobalSection
	GlobalSection(SolutionProperties) = preSolution
		HideSolutionNode = FALSE
	EndGlobalSection
	GlobalSection(ExtensibilityGlobals) = postSolution
		SolutionGuid = {DFD613F5-FB28-4D96-A291-5C6EBDBC949C}
	EndGlobalSection
EndGlobal
